
Microsoft Visual Studio Solution File, Format Version 12.00
# Visual Studio 15
VisualStudioVersion = 15.0.28307.271
MinimumVisualStudioVersion = 10.0.40219.1
Project("{FAE04EC0-301F-11D3-BF4B-00C04F79EFBC}") = "Programa 09", "Programa 1\Programa 09.csproj", "{91774D92-D6C1-41AD-AFE6-A231AB6BB9AB}"
EndProject
Global
	GlobalSection(SolutionConfigurationPlatforms) = preSolution
		Debug|Any CPU = Debug|Any CPU
		Release|Any CPU = Release|Any CPU
	EndGlobalSection
	GlobalSection(ProjectConfigurationPlatforms) = postSolution
		{91774D92-D6C1-41AD-AFE6-A231AB6BB9AB}.Debug|Any CPU.ActiveCfg = Debug|Any CPU
		{91774D92-D6C1-41AD-AFE6-A231AB6BB9AB}.Debug|Any CPU.Build.0 = Debug|Any CPU
		{91774D92-D6C1-41AD-AFE6-A231AB6BB9AB}.Release|Any CPU.ActiveCfg = Release|Any CPU
		{91774D92-D6C1-41AD-AFE6-A231AB6BB9AB}.Release|Any CPU.Build.0 = Release|Any CPU
	EndGlobalSection
	GlobalSection(SolutionProperties) = preSolution
		HideSolutionNode = FALSE
	EndGlobalSection
	GlobalSection(ExtensibilityGlobals) = postSolution
		SolutionGuid = {43487925-2950-4B59-837B-67DD1AD2EABA}
	EndGlobalSection
EndGlobal
